
Microsoft Visual Studio Solution File, Format Version 12.00
# Visual Studio Version 16
VisualStudioVersion = 16.0.29020.237
MinimumVisualStudioVersion = 10.0.40219.1
Project("{FAE04EC0-301F-11D3-BF4B-00C04F79EFBC}") = "Angulat.TestApp", "Angulat.TestApp.csproj", "{811DA3C3-A95E-479A-A20C-40E8DB2AF517}"
EndProject
Global
	GlobalSection(SolutionConfigurationPlatforms) = preSolution
		Debug|Any CPU = Debug|Any CPU
		Release|Any CPU = Release|Any CPU
	EndGlobalSection
	GlobalSection(ProjectConfigurationPlatforms) = postSolution
		{811DA3C3-A95E-479A-A20C-40E8DB2AF517}.Debug|Any CPU.ActiveCfg = Debug|Any CPU
		{811DA3C3-A95E-479A-A20C-40E8DB2AF517}.Debug|Any CPU.Build.0 = Debug|Any CPU
		{811DA3C3-A95E-479A-A20C-40E8DB2AF517}.Release|Any CPU.ActiveCfg = Release|Any CPU
		{811DA3C3-A95E-479A-A20C-40E8DB2AF517}.Release|Any CPU.Build.0 = Release|Any CPU
	EndGlobalSection
	GlobalSection(SolutionProperties) = preSolution
		HideSolutionNode = FALSE
	EndGlobalSection
	GlobalSection(ExtensibilityGlobals) = postSolution
		SolutionGuid = {0231EB8C-DE13-41AD-8538-C490F457361A}
	EndGlobalSection
EndGlobal
